
Microsoft Visual Studio Solution File, Format Version 12.00
# Visual Studio 2012
Project("{FAE04EC0-301F-11D3-BF4B-00C04F79EFBC}") = "DesignPatent", "DesignPatent\DesignPatent.csproj", "{DECDC6F9-E984-4556-916C-B9E55794FB91}"
EndProject
Project("{FAE04EC0-301F-11D3-BF4B-00C04F79EFBC}") = "ObserverDesignPatent", "ObserverDesignPatent\ObserverDesignPatent.csproj", "{00B961C8-947F-414E-A842-0B2C065CD7B0}"
EndProject
Global
	GlobalSection(SolutionConfigurationPlatforms) = preSolution
		Debug|Any CPU = Debug|Any CPU
		Release|Any CPU = Release|Any CPU
	EndGlobalSection
	GlobalSection(ProjectConfigurationPlatforms) = postSolution
		{DECDC6F9-E984-4556-916C-B9E55794FB91}.Debug|Any CPU.ActiveCfg = Debug|Any CPU
		{DECDC6F9-E984-4556-916C-B9E55794FB91}.Debug|Any CPU.Build.0 = Debug|Any CPU
		{DECDC6F9-E984-4556-916C-B9E55794FB91}.Release|Any CPU.ActiveCfg = Release|Any CPU
		{DECDC6F9-E984-4556-916C-B9E55794FB91}.Release|Any CPU.Build.0 = Release|Any CPU
		{00B961C8-947F-414E-A842-0B2C065CD7B0}.Debug|Any CPU.ActiveCfg = Debug|Any CPU
		{00B961C8-947F-414E-A842-0B2C065CD7B0}.Debug|Any CPU.Build.0 = Debug|Any CPU
		{00B961C8-947F-414E-A842-0B2C065CD7B0}.Release|Any CPU.ActiveCfg = Release|Any CPU
		{00B961C8-947F-414E-A842-0B2C065CD7B0}.Release|Any CPU.Build.0 = Release|Any CPU
	EndGlobalSection
	GlobalSection(SolutionProperties) = preSolution
		HideSolutionNode = FALSE
	EndGlobalSection
EndGlobal
