
Microsoft Visual Studio Solution File, Format Version 12.00
# Visual Studio 2012
Project("{FAE04EC0-301F-11D3-BF4B-00C04F79EFBC}") = "Crawler", "Crawler\Crawler.csproj", "{70875CC3-93C0-4395-8E69-15AC0E412304}"
EndProject
Project("{FAE04EC0-301F-11D3-BF4B-00C04F79EFBC}") = "RssReader", "RssReader\RssReader.csproj", "{B9128034-AB76-40D4-93CC-5309C5E84A44}"
EndProject
Global
	GlobalSection(SolutionConfigurationPlatforms) = preSolution
		Debug|Any CPU = Debug|Any CPU
		Release|Any CPU = Release|Any CPU
	EndGlobalSection
	GlobalSection(ProjectConfigurationPlatforms) = postSolution
		{70875CC3-93C0-4395-8E69-15AC0E412304}.Debug|Any CPU.ActiveCfg = Debug|Any CPU
		{70875CC3-93C0-4395-8E69-15AC0E412304}.Debug|Any CPU.Build.0 = Debug|Any CPU
		{70875CC3-93C0-4395-8E69-15AC0E412304}.Release|Any CPU.ActiveCfg = Release|Any CPU
		{70875CC3-93C0-4395-8E69-15AC0E412304}.Release|Any CPU.Build.0 = Release|Any CPU
		{B9128034-AB76-40D4-93CC-5309C5E84A44}.Debug|Any CPU.ActiveCfg = Debug|Any CPU
		{B9128034-AB76-40D4-93CC-5309C5E84A44}.Debug|Any CPU.Build.0 = Debug|Any CPU
		{B9128034-AB76-40D4-93CC-5309C5E84A44}.Release|Any CPU.ActiveCfg = Release|Any CPU
		{B9128034-AB76-40D4-93CC-5309C5E84A44}.Release|Any CPU.Build.0 = Release|Any CPU
	EndGlobalSection
	GlobalSection(SolutionProperties) = preSolution
		HideSolutionNode = FALSE
	EndGlobalSection
EndGlobal
